// !$*UTF8*$!
{
	archiveVersion = 1;
	classes = {
	};
	objectVersion = 50;
	objects = {

/* Begin PBXBuildFile section */
		2A45343E24B9F551009AB3E6 /* handwriting.mlmodel in Sources */ = {isa = PBXBuildFile; fileRef = 2A45343D24B9F550009AB3E6 /* handwriting.mlmodel */; };
		2A58FF5624AE52B800E3CFE6 /* AppDelegate.swift in Sources */ = {isa = PBXBuildFile; fileRef = 2A58FF5524AE52B800E3CFE6 /* AppDelegate.swift */; };
		2A58FF5824AE52B800E3CFE6 /* SceneDelegate.swift in Sources */ = {isa = PBXBuildFile; fileRef = 2A58FF5724AE52B800E3CFE6 /* SceneDelegate.swift */; };
		2A58FF5A24AE52B800E3CFE6 /* DrawingVC.swift in Sources */ = {isa = PBXBuildFile; fileRef = 2A58FF5924AE52B800E3CFE6 /* DrawingVC.swift */; };
		2A58FF5D24AE52B800E3CFE6 /* Main.storyboard in Resources */ = {isa = PBXBuildFile; fileRef = 2A58FF5B24AE52B800E3CFE6 /* Main.storyboard */; };
		2A58FF5F24AE52BD00E3CFE6 /* Assets.xcassets in Resources */ = {isa = PBXBuildFile; fileRef = 2A58FF5E24AE52BD00E3CFE6 /* Assets.xcassets */; };
		2A58FF6224AE52BD00E3CFE6 /* LaunchScreen.storyboard in Resources */ = {isa = PBXBuildFile; fileRef = 2A58FF6024AE52BD00E3CFE6 /* LaunchScreen.storyboard */; };
/* End PBXBuildFile section */

/* Begin PBXFileReference section */
		2A45343D24B9F550009AB3E6 /* handwriting.mlmodel */ = {isa = PBXFileReference; lastKnownFileType = file.mlmodel; path = handwriting.mlmodel; sourceTree = "<group>"; };
		2A58FF5224AE52B800E3CFE6 /* Handwriting-machine-takeover.app */ = {isa = PBXFileReference; explicitFileType = wrapper.application; includeInIndex = 0; path = "Handwriting-machine-takeover.app"; sourceTree = BUILT_PRODUCTS_DIR; };
		2A58FF5524AE52B800E3CFE6 /* AppDelegate.swift */ = {isa = PBXFileReference; lastKnownFileType = sourcecode.swift; path = AppDelegate.swift; sourceTree = "<group>"; };
		2A58FF5724AE52B800E3CFE6 /* SceneDelegate.swift */ = {isa = PBXFileReference; lastKnownFileType = sourcecode.swift; path = SceneDelegate.swift; sourceTree = "<group>"; };
		2A58FF5924AE52B800E3CFE6 /* DrawingVC.swift */ = {isa = PBXFileReference; lastKnownFileType = sourcecode.swift; path = DrawingVC.swift; sourceTree = "<group>"; };
		2A58FF5C24AE52B800E3CFE6 /* Base */ = {isa = PBXFileReference; lastKnownFileType = file.storyboard; name = Base; path = Base.lproj/Main.storyboard; sourceTree = "<group>"; };
		2A58FF5E24AE52BD00E3CFE6 /* Assets.xcassets */ = {isa = PBXFileReference; lastKnownFileType = folder.assetcatalog; path = Assets.xcassets; sourceTree = "<group>"; };
		2A58FF6124AE52BD00E3CFE6 /* Base */ = {isa = PBXFileReference; lastKnownFileType = file.storyboard; name = Base; path = Base.lproj/LaunchScreen.storyboard; sourceTree = "<group>"; };
		2A58FF6324AE52BD00E3CFE6 /* Info.plist */ = {isa = PBXFileReference; lastKnownFileType = text.plist.xml; path = Info.plist; sourceTree = "<group>"; };
/* End PBXFileReference section */

/* Begin PBXFrameworksBuildPhase section */
		2A58FF4F24AE52B800E3CFE6 /* Frameworks */ = {
			isa = PBXFrameworksBuildPhase;
			buildActionMask = 2147483647;
			files = (
			);
			runOnlyForDeploymentPostprocessing = 0;
		};
/* End PBXFrameworksBuildPhase section */

/* Begin PBXGroup section */
		2A58FF4924AE52B800E3CFE6 = {
			isa = PBXGroup;
			children = (
				2A58FF5424AE52B800E3CFE6 /* Handwriting-machine-takeover */,
				2A58FF5324AE52B800E3CFE6 /* Products */,
			);
			sourceTree = "<group>";
		};
		2A58FF5324AE52B800E3CFE6 /* Products */ = {
			isa = PBXGroup;
			children = (
				2A58FF5224AE52B800E3CFE6 /* Handwriting-machine-takeover.app */,
			);
			name = Products;
			sourceTree = "<group>";
		};
		2A58FF5424AE52B800E3CFE6 /* Handwriting-machine-takeover */ = {
			isa = PBXGroup;
			children = (
				2A58FF5524AE52B800E3CFE6 /* AppDelegate.swift */,
				2A58FF5724AE52B800E3CFE6 /* SceneDelegate.swift */,
				2A58FF5924AE52B800E3CFE6 /* DrawingVC.swift */,
				2A58FF5B24AE52B800E3CFE6 /* Main.storyboard */,
				2A45343D24B9F550009AB3E6 /* handwriting.mlmodel */,
				2A58FF5E24AE52BD00E3CFE6 /* Assets.xcassets */,
				2A58FF6024AE52BD00E3CFE6 /* LaunchScreen.storyboard */,
				2A58FF6324AE52BD00E3CFE6 /* Info.plist */,
			);
			path = "Handwriting-machine-takeover";
			sourceTree = "<group>";
		};
/* End PBXGroup section */

/* Begin PBXNativeTarget section */
		2A58FF5124AE52B800E3CFE6 /* Handwriting-machine-takeover */ = {
			isa = PBXNativeTarget;
			buildConfigurationList = 2A58FF6624AE52BD00E3CFE6 /* Build configuration list for PBXNativeTarget "Handwriting-machine-takeover" */;
			buildPhases = (
				2A58FF4E24AE52B800E3CFE6 /* Sources */,
				2A58FF4F24AE52B800E3CFE6 /* Frameworks */,
				2A58FF5024AE52B800E3CFE6 /* Resources */,
			);
			buildRules = (
			);
			dependencies = (
			);
			name = "Handwriting-machine-takeover";
			productName = "Handwriting-machine-takeover";
			productReference = 2A58FF5224AE52B800E3CFE6 /* Handwriting-machine-takeover.app */;
			productType = "com.apple.product-type.application";
		};
/* End PBXNativeTarget section */

/* Begin PBXProject section */
		2A58FF4A24AE52B800E3CFE6 /* Project object */ = {
			isa = PBXProject;
			attributes = {
				LastSwiftUpdateCheck = 1120;
				LastUpgradeCheck = 1120;
				ORGANIZATIONNAME = "Shubham Dhingra";
				TargetAttributes = {
					2A58FF5124AE52B800E3CFE6 = {
						CreatedOnToolsVersion = 11.2.1;
					};
				};
			};
			buildConfigurationList = 2A58FF4D24AE52B800E3CFE6 /* Build configuration list for PBXProject "Handwriting-machine-takeover" */;
			compatibilityVersion = "Xcode 9.3";
			developmentRegion = en;
			hasScannedForEncodings = 0;
			knownRegions = (
				en,
				Base,
			);
			mainGroup = 2A58FF4924AE52B800E3CFE6;
			productRefGroup = 2A58FF5324AE52B800E3CFE6 /* Products */;
			projectDirPath = "";
			projectRoot = "";
			targets = (
				2A58FF5124AE52B800E3CFE6 /* Handwriting-machine-takeover */,
			);
		};
/* End PBXProject section */

/* Begin PBXResourcesBuildPhase section */
		2A58FF5024AE52B800E3CFE6 /* Resources */ = {
			isa = PBXResourcesBuildPhase;
			buildActionMask = 2147483647;
			files = (
				2A58FF6224AE52BD00E3CFE6 /* LaunchScreen.storyboard in Resources */,
				2A58FF5F24AE52BD00E3CFE6 /* Assets.xcassets in Resources */,
				2A58FF5D24AE52B800E3CFE6 /* Main.storyboard in Resources */,
			);
			runOnlyForDeploymentPostprocessing = 0;
		};
/* End PBXResourcesBuildPhase section */

/* Begin PBXSourcesBuildPhase section */
		2A58FF4E24AE52B800E3CFE6 /* Sources */ = {
			isa = PBXSourcesBuildPhase;
			buildActionMask = 2147483647;
			files = (
				2A58FF5A24AE52B800E3CFE6 /* DrawingVC.swift in Sources */,
				2A58FF5624AE52B800E3CFE6 /* AppDelegate.swift in Sources */,
				2A45343E24B9F551009AB3E6 /* handwriting.mlmodel in Sources */,
				2A58FF5824AE52B800E3CFE6 /* SceneDelegate.swift in Sources */,
			);
			runOnlyForDeploymentPostprocessing = 0;
		};
/* End PBXSourcesBuildPhase section */

/* Begin PBXVariantGroup section */
		2A58FF5B24AE52B800E3CFE6 /* Main.storyboard */ = {
			isa = PBXVariantGroup;
			children = (
				2A58FF5C24AE52B800E3CFE6 /* Base */,
			);
			name = Main.storyboard;
			sourceTree = "<group>";
		};
		2A58FF6024AE52BD00E3CFE6 /* LaunchScreen.storyboard */ = {
			isa = PBXVariantGroup;
			children = (
				2A58FF6124AE52BD00E3CFE6 /* Base */,
			);
			name = LaunchScreen.storyboard;
			sourceTree = "<group>";
		};
/* End PBXVariantGroup section */

/* Begin XCBuildConfiguration section */
		2A58FF6424AE52BD00E3CFE6 /* Debug */ = {
			isa = XCBuildConfiguration;
			buildSettings = {
				ALWAYS_SEARCH_USER_PATHS = NO;
				CLANG_ANALYZER_NONNULL = YES;
				CLANG_ANALYZER_NUMBER_OBJECT_CONVERSION = YES_AGGRESSIVE;
				CLANG_CXX_LANGUAGE_STANDARD = "gnu++14";
				CLANG_CXX_LIBRARY = "libc++";
				CLANG_ENABLE_MODULES = YES;
				CLANG_ENABLE_OBJC_ARC = YES;
				CLANG_ENABLE_OBJC_WEAK = YES;
				CLANG_WARN_BLOCK_CAPTURE_AUTORELEASING = YES;
				CLANG_WARN_BOOL_CONVERSION = YES;
				CLANG_WARN_COMMA = YES;
				CLANG_WARN_CONSTANT_CONVERSION = YES;
				CLANG_WARN_DEPRECATED_OBJC_IMPLEMENTATIONS = YES;
				CLANG_WARN_DIRECT_OBJC_ISA_USAGE = YES_ERROR;
				CLANG_WARN_DOCUMENTATION_COMMENTS = YES;
				CLANG_WARN_EMPTY_BODY = YES;
				CLANG_WARN_ENUM_CONVERSION = YES;
				CLANG_WARN_INFINITE_RECURSION = YES;
				CLANG_WARN_INT_CONVERSION = YES;
				CLANG_WARN_NON_LITERAL_NULL_CONVERSION = YES;
				CLANG_WARN_OBJC_IMPLICIT_RETAIN_SELF = YES;
				CLANG_WARN_OBJC_LITERAL_CONVERSION = YES;
				CLANG_WARN_OBJC_ROOT_CLASS = YES_ERROR;
				CLANG_WARN_RANGE_LOOP_ANALYSIS = YES;
				CLANG_WARN_STRICT_PROTOTYPES = YES;
				CLANG_WARN_SUSPICIOUS_MOVE = YES;
				CLANG_WARN_UNGUARDED_AVAILABILITY = YES_AGGRESSIVE;
				CLANG_WARN_UNREACHABLE_CODE = YES;
				CLANG_WARN__DUPLICATE_METHOD_MATCH = YES;
				COPY_PHASE_STRIP = NO;
				DEBUG_INFORMATION_FORMAT = dwarf;
				ENABLE_STRICT_OBJC_MSGSEND = YES;
				ENABLE_TESTABILITY = YES;
				GCC_C_LANGUAGE_STANDARD = gnu11;
				GCC_DYNAMIC_NO_PIC = NO;
				GCC_NO_COMMON_BLOCKS = YES;
				GCC_OPTIMIZATION_LEVEL = 0;
				GCC_PREPROCESSOR_DEFINITIONS = (
					"DEBUG=1",
					"$(inherited)",
				);
				GCC_WARN_64_TO_32_BIT_CONVERSION = YES;
				GCC_WARN_ABOUT_RETURN_TYPE = YES_ERROR;
				GCC_WARN_UNDECLARED_SELECTOR = YES;
				GCC_WARN_UNINITIALIZED_AUTOS = YES_AGGRESSIVE;
				GCC_WARN_UNUSED_FUNCTION = YES;
				GCC_WARN_UNUSED_VARIABLE = YES;
				IPHONEOS_DEPLOYMENT_TARGET = 13.2;
				MTL_ENABLE_DEBUG_INFO = INCLUDE_SOURCE;
				MTL_FAST_MATH = YES;
				ONLY_ACTIVE_ARCH = YES;
				SDKROOT = iphoneos;
				SWIFT_ACTIVE_COMPILATION_CONDITIONS = DEBUG;
				SWIFT_OPTIMIZATION_LEVEL = "-Onone";
			};
			name = Debug;
		};
		2A58FF6524AE52BD00E3CFE6 /* Release */ = {
			isa = XCBuildConfiguration;
			buildSettings = {
				ALWAYS_SEARCH_USER_PATHS = NO;
				CLANG_ANALYZER_NONNULL = YES;
				CLANG_ANALYZER_NUMBER_OBJECT_CONVERSION = YES_AGGRESSIVE;
				CLANG_CXX_LANGUAGE_STANDARD = "gnu++14";
				CLANG_CXX_LIBRARY = "libc++";
				CLANG_ENABLE_MODULES = YES;
				CLANG_ENABLE_OBJC_ARC = YES;
				CLANG_ENABLE_OBJC_WEAK = YES;
				CLANG_WARN_BLOCK_CAPTURE_AUTORELEASING = YES;
				CLANG_WARN_BOOL_CONVERSION = YES;
				CLANG_WARN_COMMA = YES;
				CLANG_WARN_CONSTANT_CONVERSION = YES;
				CLANG_WARN_DEPRECATED_OBJC_IMPLEMENTATIONS = YES;
				CLANG_WARN_DIRECT_OBJC_ISA_USAGE = YES_ERROR;
				CLANG_WARN_DOCUMENTATION_COMMENTS = YES;
				CLANG_WARN_EMPTY_BODY = YES;
				CLANG_WARN_ENUM_CONVERSION = YES;
				CLANG_WARN_INFINITE_RECURSION = YES;
				CLANG_WARN_INT_CONVERSION = YES;
				CLANG_WARN_NON_LITERAL_NULL_CONVERSION = YES;
				CLANG_WARN_OBJC_IMPLICIT_RETAIN_SELF = YES;
				CLANG_WARN_OBJC_LITERAL_CONVERSION = YES;
				CLANG_WARN_OBJC_ROOT_CLASS = YES_ERROR;
				CLANG_WARN_RANGE_LOOP_ANALYSIS = YES;
				CLANG_WARN_STRICT_PROTOTYPES = YES;
				CLANG_WARN_SUSPICIOUS_MOVE = YES;
				CLANG_WARN_UNGUARDED_AVAILABILITY = YES_AGGRESSIVE;
				CLANG_WARN_UNREACHABLE_CODE = YES;
				CLANG_WARN__DUPLICATE_METHOD_MATCH = YES;
				COPY_PHASE_STRIP = NO;
				DEBUG_INFORMATION_FORMAT = "dwarf-with-dsym";
				ENABLE_NS_ASSERTIONS = NO;
				ENABLE_STRICT_OBJC_MSGSEND = YES;
				GCC_C_LANGUAGE_STANDARD = gnu11;
				GCC_NO_COMMON_BLOCKS = YES;
				GCC_WARN_64_TO_32_BIT_CONVERSION = YES;
				GCC_WARN_ABOUT_RETURN_TYPE = YES_ERROR;
				GCC_WARN_UNDECLARED_SELECTOR = YES;
				GCC_WARN_UNINITIALIZED_AUTOS = YES_AGGRESSIVE;
				GCC_WARN_UNUSED_FUNCTION = YES;
				GCC_WARN_UNUSED_VARIABLE = YES;
				IPHONEOS_DEPLOYMENT_TARGET = 13.2;
				MTL_ENABLE_DEBUG_INFO = NO;
				MTL_FAST_MATH = YES;
				SDKROOT = iphoneos;
				SWIFT_COMPILATION_MODE = wholemodule;
				SWIFT_OPTIMIZATION_LEVEL = "-O";
				VALIDATE_PRODUCT = YES;
			};
			name = Release;
		};
		2A58FF6724AE52BD00E3CFE6 /* Debug */ = {
			isa = XCBuildConfiguration;
			buildSettings = {
				ASSETCATALOG_COMPILER_APPICON_NAME = AppIcon;
				CODE_SIGN_STYLE = Automatic;
				DEVELOPMENT_TEAM = 42UQ3WXZ2H;
				INFOPLIST_FILE = "Handwriting-machine-takeover/Info.plist";
				LD_RUNPATH_SEARCH_PATHS = (
					"$(inherited)",
					"@executable_path/Frameworks",
				);
				PRODUCT_BUNDLE_IDENTIFIER = "com.coursera.assignment.Handwriting-machine-takeover";
				PRODUCT_NAME = "$(TARGET_NAME)";
				SWIFT_VERSION = 5.0;
				TARGETED_DEVICE_FAMILY = "1,2";
			};
			name = Debug;
		};
		2A58FF6824AE52BD00E3CFE6 /* Release */ = {
			isa = XCBuildConfiguration;
			buildSettings = {
				ASSETCATALOG_COMPILER_APPICON_NAME = AppIcon;
				CODE_SIGN_STYLE = Automatic;
				DEVELOPMENT_TEAM = 42UQ3WXZ2H;
				INFOPLIST_FILE = "Handwriting-machine-takeover/Info.plist";
				LD_RUNPATH_SEARCH_PATHS = (
					"$(inherited)",
					"@executable_path/Frameworks",
				);
				PRODUCT_BUNDLE_IDENTIFIER = "com.coursera.assignment.Handwriting-machine-takeover";
				PRODUCT_NAME = "$(TARGET_NAME)";
				SWIFT_VERSION = 5.0;
				TARGETED_DEVICE_FAMILY = "1,2";
			};
			name = Release;
		};
/* End XCBuildConfiguration section */

/* Begin XCConfigurationList section */
		2A58FF4D24AE52B800E3CFE6 /* Build configuration list for PBXProject "Handwriting-machine-takeover" */ = {
			isa = XCConfigurationList;
			buildConfigurations = (
				2A58FF6424AE52BD00E3CFE6 /* Debug */,
				2A58FF6524AE52BD00E3CFE6 /* Release */,
			);
			defaultConfigurationIsVisible = 0;
			defaultConfigurationName = Release;
		};
		2A58FF6624AE52BD00E3CFE6 /* Build configuration list for PBXNativeTarget "Handwriting-machine-takeover" */ = {
			isa = XCConfigurationList;
			buildConfigurations = (
				2A58FF6724AE52BD00E3CFE6 /* Debug */,
				2A58FF6824AE52BD00E3CFE6 /* Release */,
			);
			defaultConfigurationIsVisible = 0;
			defaultConfigurationName = Release;
		};
/* End XCConfigurationList section */
	};
	rootObject = 2A58FF4A24AE52B800E3CFE6 /* Project object */;
}
